
Microsoft Visual Studio Solution File, Format Version 12.00
# Visual Studio Version 17
VisualStudioVersion = 17.4.33205.214
MinimumVisualStudioVersion = 10.0.40219.1
Project("{FAE04EC0-301F-11D3-BF4B-00C04F79EFBC}") = "TypesAndVariables", "TypesAndVariables\TypesAndVariables.csproj", "{61AB981D-2601-44DC-AEE2-B8645054F9A2}"
EndProject
Project("{FAE04EC0-301F-11D3-BF4B-00C04F79EFBC}") = "Conditionals", "Conditionals\Conditionals.csproj", "{497202AE-915D-40A2-A56A-DC3BBC53CDF4}"
EndProject
Project("{FAE04EC0-301F-11D3-BF4B-00C04F79EFBC}") = "Methods", "Methods\Methods.csproj", "{288229D2-E138-464C-95E5-C75C805411C2}"
EndProject
Global
	GlobalSection(SolutionConfigurationPlatforms) = preSolution
		Debug|Any CPU = Debug|Any CPU
		Release|Any CPU = Release|Any CPU
	EndGlobalSection
	GlobalSection(ProjectConfigurationPlatforms) = postSolution
		{61AB981D-2601-44DC-AEE2-B8645054F9A2}.Debug|Any CPU.ActiveCfg = Debug|Any CPU
		{61AB981D-2601-44DC-AEE2-B8645054F9A2}.Debug|Any CPU.Build.0 = Debug|Any CPU
		{61AB981D-2601-44DC-AEE2-B8645054F9A2}.Release|Any CPU.ActiveCfg = Release|Any CPU
		{61AB981D-2601-44DC-AEE2-B8645054F9A2}.Release|Any CPU.Build.0 = Release|Any CPU
		{497202AE-915D-40A2-A56A-DC3BBC53CDF4}.Debug|Any CPU.ActiveCfg = Debug|Any CPU
		{497202AE-915D-40A2-A56A-DC3BBC53CDF4}.Debug|Any CPU.Build.0 = Debug|Any CPU
		{497202AE-915D-40A2-A56A-DC3BBC53CDF4}.Release|Any CPU.ActiveCfg = Release|Any CPU
		{497202AE-915D-40A2-A56A-DC3BBC53CDF4}.Release|Any CPU.Build.0 = Release|Any CPU
		{288229D2-E138-464C-95E5-C75C805411C2}.Debug|Any CPU.ActiveCfg = Debug|Any CPU
		{288229D2-E138-464C-95E5-C75C805411C2}.Debug|Any CPU.Build.0 = Debug|Any CPU
		{288229D2-E138-464C-95E5-C75C805411C2}.Release|Any CPU.ActiveCfg = Release|Any CPU
		{288229D2-E138-464C-95E5-C75C805411C2}.Release|Any CPU.Build.0 = Release|Any CPU
	EndGlobalSection
	GlobalSection(SolutionProperties) = preSolution
		HideSolutionNode = FALSE
	EndGlobalSection
	GlobalSection(ExtensibilityGlobals) = postSolution
		SolutionGuid = {3F9FA78E-CC5F-459B-8A63-1A28A05F1E4E}
	EndGlobalSection
EndGlobal
